PODS:
  - FBAnnotationClustering (0.1.0)

DEPENDENCIES:
  - FBAnnotationClustering (from `../FBAnnotationClustering.podspec`)

EXTERNAL SOURCES:
  FBAnnotationClustering:
    :path: ../FBAnnotationClustering.podspec

SPEC CHECKSUMS:
  FBAnnotationClustering: 1f193ffbe12581801990c2dee3c6db569c011290

COCOAPODS: 0.33.1
